// !$*UTF8*$!
{
	archiveVersion = 1;
	classes = {
	};
	objectVersion = 56;
	objects = {

/* Begin PBXBuildFile section */
		9A17A0D72BB83BEB0032FF4F /* FacebookLogin in Frameworks */ = {isa = PBXBuildFile; productRef = 9A17A0D62BB83BEB0032FF4F /* FacebookLogin */; };
		9A297FA82C43E408001D1115 /* LoginViewController.swift in Sources */ = {isa = PBXBuildFile; fileRef = 9A297FA72C43E408001D1115 /* LoginViewController.swift */; };
		9A297FAA2C465D86001D1115 /* UserModels.swift in Sources */ = {isa = PBXBuildFile; fileRef = 9A297FA92C465D86001D1115 /* UserModels.swift */; };
		9A31345B2BEA21C500DB1F39 /* FBLoginViewController.swift in Sources */ = {isa = PBXBuildFile; fileRef = 9A31345A2BEA21C500DB1F39 /* FBLoginViewController.swift */; };
		9A57AC882B84F6140027C50D /* PlayersController.swift in Sources */ = {isa = PBXBuildFile; fileRef = 9A57AC872B84F6140027C50D /* PlayersController.swift */; };
		9A77E2862C411AFC00620314 /* UserController.swift in Sources */ = {isa = PBXBuildFile; fileRef = 9A77E2852C411AFC00620314 /* UserController.swift */; };
		9A7D226E2BA053C800B6B02D /* SubstitutesTableViewCell.swift in Sources */ = {isa = PBXBuildFile; fileRef = 9A7D226D2BA053C800B6B02D /* SubstitutesTableViewCell.swift */; };
		9A89E1CA2B6F9E6800A2843F /* BatterModels.swift in Sources */ = {isa = PBXBuildFile; fileRef = 9A89E1C92B6F9E6800A2843F /* BatterModels.swift */; };
		9AA904CE2B67D1E6009385A0 /* AppDelegate.swift in Sources */ = {isa = PBXBuildFile; fileRef = 9AA904CD2B67D1E6009385A0 /* AppDelegate.swift */; };
		9AA904D02B67D1E6009385A0 /* SceneDelegate.swift in Sources */ = {isa = PBXBuildFile; fileRef = 9AA904CF2B67D1E6009385A0 /* SceneDelegate.swift */; };
		9AA904D52B67D1E6009385A0 /* Main.storyboard in Resources */ = {isa = PBXBuildFile; fileRef = 9AA904D32B67D1E6009385A0 /* Main.storyboard */; };
		9AA904D72B67D1E8009385A0 /* Assets.xcassets in Resources */ = {isa = PBXBuildFile; fileRef = 9AA904D62B67D1E8009385A0 /* Assets.xcassets */; };
		9AA904DA2B67D1E8009385A0 /* LaunchScreen.storyboard in Resources */ = {isa = PBXBuildFile; fileRef = 9AA904D82B67D1E8009385A0 /* LaunchScreen.storyboard */; };
		9AADED082B930A6600269F86 /* SeparatorTableViewCell.swift in Sources */ = {isa = PBXBuildFile; fileRef = 9AADED072B930A6600269F86 /* SeparatorTableViewCell.swift */; };
		9AC581412BB571E600A833B0 /* FilterViewController.swift in Sources */ = {isa = PBXBuildFile; fileRef = 9AC581402BB571E600A833B0 /* FilterViewController.swift */; };
		9ADA93092C4EA47200BFD8B7 /* RegisterViewController.swift in Sources */ = {isa = PBXBuildFile; fileRef = 9ADA93082C4EA47200BFD8B7 /* RegisterViewController.swift */; };
		9ADB37B82B6B903E000EF043 /* BatterTableViewController.swift in Sources */ = {isa = PBXBuildFile; fileRef = 9ADB37B72B6B903E000EF043 /* BatterTableViewController.swift */; };
		9ADB37BA2B6B9086000EF043 /* BatterTableViewCell.swift in Sources */ = {isa = PBXBuildFile; fileRef = 9ADB37B92B6B9086000EF043 /* BatterTableViewCell.swift */; };
		9AE415BF2B94A57100D421E4 /* TeamLineupViewController.swift in Sources */ = {isa = PBXBuildFile; fileRef = 9AE415BE2B94A57100D421E4 /* TeamLineupViewController.swift */; };
		9AE415C32B95C57A00D421E4 /* LineupValueTableViewController.swift in Sources */ = {isa = PBXBuildFile; fileRef = 9AE415C22B95C57A00D421E4 /* LineupValueTableViewController.swift */; };
		9AE415C52B95C92700D421E4 /* LineupValueTableViewCell.swift in Sources */ = {isa = PBXBuildFile; fileRef = 9AE415C42B95C92700D421E4 /* LineupValueTableViewCell.swift */; };
		9AFE28992BAADBAA006C74DA /* LineupPotentialTableViewController.swift in Sources */ = {isa = PBXBuildFile; fileRef = 9AFE28982BAADBAA006C74DA /* LineupPotentialTableViewController.swift */; };
		9AFE289B2BAC7731006C74DA /* LineupPotentialTableViewCell.swift in Sources */ = {isa = PBXBuildFile; fileRef = 9AFE289A2BAC7731006C74DA /* LineupPotentialTableViewCell.swift */; };
/* End PBXBuildFile section */

/* Begin PBXFileReference section */
		9A17A0D42BB7FA670032FF4F /* BBO.entitlements */ = {isa = PBXFileReference; lastKnownFileType = text.plist.entitlements; path = BBO.entitlements; sourceTree = "<group>"; };
		9A297FA72C43E408001D1115 /* LoginViewController.swift */ = {isa = PBXFileReference; lastKnownFileType = sourcecode.swift; path = LoginViewController.swift; sourceTree = "<group>"; };
		9A297FA92C465D86001D1115 /* UserModels.swift */ = {isa = PBXFileReference; lastKnownFileType = sourcecode.swift; path = UserModels.swift; sourceTree = "<group>"; };
		9A31345A2BEA21C500DB1F39 /* FBLoginViewController.swift */ = {isa = PBXFileReference; lastKnownFileType = sourcecode.swift; path = FBLoginViewController.swift; sourceTree = "<group>"; };
		9A57AC872B84F6140027C50D /* PlayersController.swift */ = {isa = PBXFileReference; lastKnownFileType = sourcecode.swift; path = PlayersController.swift; sourceTree = "<group>"; };
		9A77E2852C411AFC00620314 /* UserController.swift */ = {isa = PBXFileReference; lastKnownFileType = sourcecode.swift; path = UserController.swift; sourceTree = "<group>"; };
		9A7D226D2BA053C800B6B02D /* SubstitutesTableViewCell.swift */ = {isa = PBXFileReference; lastKnownFileType = sourcecode.swift; path = SubstitutesTableViewCell.swift; sourceTree = "<group>"; };
		9A89E1C92B6F9E6800A2843F /* BatterModels.swift */ = {isa = PBXFileReference; lastKnownFileType = sourcecode.swift; path = BatterModels.swift; sourceTree = SOURCE_ROOT; };
		9AA904CA2B67D1E6009385A0 /* BBO.app */ = {isa = PBXFileReference; explicitFileType = wrapper.application; includeInIndex = 0; path = BBO.app; sourceTree = BUILT_PRODUCTS_DIR; };
		9AA904CD2B67D1E6009385A0 /* AppDelegate.swift */ = {isa = PBXFileReference; lastKnownFileType = sourcecode.swift; path = AppDelegate.swift; sourceTree = "<group>"; };
		9AA904CF2B67D1E6009385A0 /* SceneDelegate.swift */ = {isa = PBXFileReference; lastKnownFileType = sourcecode.swift; path = SceneDelegate.swift; sourceTree = "<group>"; };
		9AA904D42B67D1E6009385A0 /* Base */ = {isa = PBXFileReference; lastKnownFileType = file.storyboard; name = Base; path = Base.lproj/Main.storyboard; sourceTree = "<group>"; };
		9AA904D62B67D1E8009385A0 /* Assets.xcassets */ = {isa = PBXFileReference; lastKnownFileType = folder.assetcatalog; path = Assets.xcassets; sourceTree = "<group>"; };
		9AA904D92B67D1E8009385A0 /* Base */ = {isa = PBXFileReference; lastKnownFileType = file.storyboard; name = Base; path = Base.lproj/LaunchScreen.storyboard; sourceTree = "<group>"; };
		9AA904DB2B67D1E8009385A0 /* Info.plist */ = {isa = PBXFileReference; lastKnownFileType = text.plist.xml; path = Info.plist; sourceTree = "<group>"; };
		9AADED072B930A6600269F86 /* SeparatorTableViewCell.swift */ = {isa = PBXFileReference; lastKnownFileType = sourcecode.swift; path = SeparatorTableViewCell.swift; sourceTree = "<group>"; };
		9AC581402BB571E600A833B0 /* FilterViewController.swift */ = {isa = PBXFileReference; lastKnownFileType = sourcecode.swift; path = FilterViewController.swift; sourceTree = "<group>"; };
		9ADA93082C4EA47200BFD8B7 /* RegisterViewController.swift */ = {isa = PBXFileReference; lastKnownFileType = sourcecode.swift; path = RegisterViewController.swift; sourceTree = "<group>"; };
		9ADB37B72B6B903E000EF043 /* BatterTableViewController.swift */ = {isa = PBXFileReference; lastKnownFileType = sourcecode.swift; path = BatterTableViewController.swift; sourceTree = "<group>"; };
		9ADB37B92B6B9086000EF043 /* BatterTableViewCell.swift */ = {isa = PBXFileReference; lastKnownFileType = sourcecode.swift; path = BatterTableViewCell.swift; sourceTree = SOURCE_ROOT; };
		9AE415BE2B94A57100D421E4 /* TeamLineupViewController.swift */ = {isa = PBXFileReference; lastKnownFileType = sourcecode.swift; path = TeamLineupViewController.swift; sourceTree = "<group>"; };
		9AE415C22B95C57A00D421E4 /* LineupValueTableViewController.swift */ = {isa = PBXFileReference; lastKnownFileType = sourcecode.swift; path = LineupValueTableViewController.swift; sourceTree = "<group>"; };
		9AE415C42B95C92700D421E4 /* LineupValueTableViewCell.swift */ = {isa = PBXFileReference; lastKnownFileType = sourcecode.swift; path = LineupValueTableViewCell.swift; sourceTree = "<group>"; };
		9AFE28982BAADBAA006C74DA /* LineupPotentialTableViewController.swift */ = {isa = PBXFileReference; lastKnownFileType = sourcecode.swift; path = LineupPotentialTableViewController.swift; sourceTree = "<group>"; };
		9AFE289A2BAC7731006C74DA /* LineupPotentialTableViewCell.swift */ = {isa = PBXFileReference; lastKnownFileType = sourcecode.swift; path = LineupPotentialTableViewCell.swift; sourceTree = "<group>"; };
/* End PBXFileReference section */

/* Begin PBXFrameworksBuildPhase section */
		9AA904C72B67D1E6009385A0 /* Frameworks */ = {
			isa = PBXFrameworksBuildPhase;
			buildActionMask = 2147483647;
			files = (
				9A17A0D72BB83BEB0032FF4F /* FacebookLogin in Frameworks */,
			);
			runOnlyForDeploymentPostprocessing = 0;
		};
/* End PBXFrameworksBuildPhase section */

/* Begin PBXGroup section */
		9AA904C12B67D1E6009385A0 = {
			isa = PBXGroup;
			children = (
				9AA904CC2B67D1E6009385A0 /* BBO */,
				9AA904CB2B67D1E6009385A0 /* Products */,
			);
			sourceTree = "<group>";
		};
		9AA904CB2B67D1E6009385A0 /* Products */ = {
			isa = PBXGroup;
			children = (
				9AA904CA2B67D1E6009385A0 /* BBO.app */,
			);
			name = Products;
			sourceTree = "<group>";
		};
		9AA904CC2B67D1E6009385A0 /* BBO */ = {
			isa = PBXGroup;
			children = (
				9A17A0D42BB7FA670032FF4F /* BBO.entitlements */,
				9A89E1C92B6F9E6800A2843F /* BatterModels.swift */,
				9A57AC872B84F6140027C50D /* PlayersController.swift */,
				9AA904CD2B67D1E6009385A0 /* AppDelegate.swift */,
				9AA904CF2B67D1E6009385A0 /* SceneDelegate.swift */,
				9ADB37B72B6B903E000EF043 /* BatterTableViewController.swift */,
				9AC581402BB571E600A833B0 /* FilterViewController.swift */,
				9AADED072B930A6600269F86 /* SeparatorTableViewCell.swift */,
				9ADB37B92B6B9086000EF043 /* BatterTableViewCell.swift */,
				9AE415BE2B94A57100D421E4 /* TeamLineupViewController.swift */,
				9AE415C22B95C57A00D421E4 /* LineupValueTableViewController.swift */,
				9AE415C42B95C92700D421E4 /* LineupValueTableViewCell.swift */,
				9A7D226D2BA053C800B6B02D /* SubstitutesTableViewCell.swift */,
				9AFE28982BAADBAA006C74DA /* LineupPotentialTableViewController.swift */,
				9AFE289A2BAC7731006C74DA /* LineupPotentialTableViewCell.swift */,
				9AA904D32B67D1E6009385A0 /* Main.storyboard */,
				9A77E2852C411AFC00620314 /* UserController.swift */,
				9ADA93082C4EA47200BFD8B7 /* RegisterViewController.swift */,
				9A297FA72C43E408001D1115 /* LoginViewController.swift */,
				9A31345A2BEA21C500DB1F39 /* FBLoginViewController.swift */,
				9A297FA92C465D86001D1115 /* UserModels.swift */,
				9AA904D62B67D1E8009385A0 /* Assets.xcassets */,
				9AA904D82B67D1E8009385A0 /* LaunchScreen.storyboard */,
				9AA904DB2B67D1E8009385A0 /* Info.plist */,
			);
			path = BBO;
			sourceTree = "<group>";
		};
/* End PBXGroup section */

/* Begin PBXNativeTarget section */
		9AA904C92B67D1E6009385A0 /* BBO */ = {
			isa = PBXNativeTarget;
			buildConfigurationList = 9AA904DE2B67D1E8009385A0 /* Build configuration list for PBXNativeTarget "BBO" */;
			buildPhases = (
				9AA904C62B67D1E6009385A0 /* Sources */,
				9AA904C72B67D1E6009385A0 /* Frameworks */,
				9AA904C82B67D1E6009385A0 /* Resources */,
			);
			buildRules = (
			);
			dependencies = (
			);
			name = BBO;
			packageProductDependencies = (
				9A17A0D62BB83BEB0032FF4F /* FacebookLogin */,
			);
			productName = BBO;
			productReference = 9AA904CA2B67D1E6009385A0 /* BBO.app */;
			productType = "com.apple.product-type.application";
		};
/* End PBXNativeTarget section */

/* Begin PBXProject section */
		9AA904C22B67D1E6009385A0 /* Project object */ = {
			isa = PBXProject;
			attributes = {
				BuildIndependentTargetsInParallel = 1;
				LastSwiftUpdateCheck = 1520;
				LastUpgradeCheck = 1520;
				TargetAttributes = {
					9AA904C92B67D1E6009385A0 = {
						CreatedOnToolsVersion = 15.2;
					};
				};
			};
			buildConfigurationList = 9AA904C52B67D1E6009385A0 /* Build configuration list for PBXProject "BBO" */;
			compatibilityVersion = "Xcode 14.0";
			developmentRegion = en;
			hasScannedForEncodings = 0;
			knownRegions = (
				en,
				Base,
			);
			mainGroup = 9AA904C12B67D1E6009385A0;
			packageReferences = (
				9A17A0D52BB83BEA0032FF4F /* XCRemoteSwiftPackageReference "facebook-ios-sdk" */,
			);
			productRefGroup = 9AA904CB2B67D1E6009385A0 /* Products */;
			projectDirPath = "";
			projectRoot = "";
			targets = (
				9AA904C92B67D1E6009385A0 /* BBO */,
			);
		};
/* End PBXProject section */

/* Begin PBXResourcesBuildPhase section */
		9AA904C82B67D1E6009385A0 /* Resources */ = {
			isa = PBXResourcesBuildPhase;
			buildActionMask = 2147483647;
			files = (
				9AA904DA2B67D1E8009385A0 /* LaunchScreen.storyboard in Resources */,
				9AA904D72B67D1E8009385A0 /* Assets.xcassets in Resources */,
				9AA904D52B67D1E6009385A0 /* Main.storyboard in Resources */,
			);
			runOnlyForDeploymentPostprocessing = 0;
		};
/* End PBXResourcesBuildPhase section */

/* Begin PBXSourcesBuildPhase section */
		9AA904C62B67D1E6009385A0 /* Sources */ = {
			isa = PBXSourcesBuildPhase;
			buildActionMask = 2147483647;
			files = (
				9AC581412BB571E600A833B0 /* FilterViewController.swift in Sources */,
				9AFE289B2BAC7731006C74DA /* LineupPotentialTableViewCell.swift in Sources */,
				9AADED082B930A6600269F86 /* SeparatorTableViewCell.swift in Sources */,
				9A31345B2BEA21C500DB1F39 /* FBLoginViewController.swift in Sources */,
				9ADA93092C4EA47200BFD8B7 /* RegisterViewController.swift in Sources */,
				9A57AC882B84F6140027C50D /* PlayersController.swift in Sources */,
				9A297FAA2C465D86001D1115 /* UserModels.swift in Sources */,
				9A89E1CA2B6F9E6800A2843F /* BatterModels.swift in Sources */,
				9AFE28992BAADBAA006C74DA /* LineupPotentialTableViewController.swift in Sources */,
				9AE415C32B95C57A00D421E4 /* LineupValueTableViewController.swift in Sources */,
				9AE415C52B95C92700D421E4 /* LineupValueTableViewCell.swift in Sources */,
				9AA904CE2B67D1E6009385A0 /* AppDelegate.swift in Sources */,
				9AE415BF2B94A57100D421E4 /* TeamLineupViewController.swift in Sources */,
				9A7D226E2BA053C800B6B02D /* SubstitutesTableViewCell.swift in Sources */,
				9ADB37BA2B6B9086000EF043 /* BatterTableViewCell.swift in Sources */,
				9A297FA82C43E408001D1115 /* LoginViewController.swift in Sources */,
				9A77E2862C411AFC00620314 /* UserController.swift in Sources */,
				9AA904D02B67D1E6009385A0 /* SceneDelegate.swift in Sources */,
				9ADB37B82B6B903E000EF043 /* BatterTableViewController.swift in Sources */,
			);
			runOnlyForDeploymentPostprocessing = 0;
		};
/* End PBXSourcesBuildPhase section */

/* Begin PBXVariantGroup section */
		9AA904D32B67D1E6009385A0 /* Main.storyboard */ = {
			isa = PBXVariantGroup;
			children = (
				9AA904D42B67D1E6009385A0 /* Base */,
			);
			name = Main.storyboard;
			sourceTree = "<group>";
		};
		9AA904D82B67D1E8009385A0 /* LaunchScreen.storyboard */ = {
			isa = PBXVariantGroup;
			children = (
				9AA904D92B67D1E8009385A0 /* Base */,
			);
			name = LaunchScreen.storyboard;
			sourceTree = "<group>";
		};
/* End PBXVariantGroup section */

/* Begin XCBuildConfiguration section */
		9AA904DC2B67D1E8009385A0 /* Debug */ = {
			isa = XCBuildConfiguration;
			buildSettings = {
				ALWAYS_SEARCH_USER_PATHS = NO;
				ASSETCATALOG_COMPILER_GENERATE_SWIFT_ASSET_SYMBOL_EXTENSIONS = YES;
				CLANG_ANALYZER_NONNULL = YES;
				CLANG_ANALYZER_NUMBER_OBJECT_CONVERSION = YES_AGGRESSIVE;
				CLANG_CXX_LANGUAGE_STANDARD = "gnu++20";
				CLANG_ENABLE_MODULES = YES;
				CLANG_ENABLE_OBJC_ARC = YES;
				CLANG_ENABLE_OBJC_WEAK = YES;
				CLANG_WARN_BLOCK_CAPTURE_AUTORELEASING = YES;
				CLANG_WARN_BOOL_CONVERSION = YES;
				CLANG_WARN_COMMA = YES;
				CLANG_WARN_CONSTANT_CONVERSION = YES;
				CLANG_WARN_DEPRECATED_OBJC_IMPLEMENTATIONS = YES;
				CLANG_WARN_DIRECT_OBJC_ISA_USAGE = YES_ERROR;
				CLANG_WARN_DOCUMENTATION_COMMENTS = YES;
				CLANG_WARN_EMPTY_BODY = YES;
				CLANG_WARN_ENUM_CONVERSION = YES;
				CLANG_WARN_INFINITE_RECURSION = YES;
				CLANG_WARN_INT_CONVERSION = YES;
				CLANG_WARN_NON_LITERAL_NULL_CONVERSION = YES;
				CLANG_WARN_OBJC_IMPLICIT_RETAIN_SELF = YES;
				CLANG_WARN_OBJC_LITERAL_CONVERSION = YES;
				CLANG_WARN_OBJC_ROOT_CLASS = YES_ERROR;
				CLANG_WARN_QUOTED_INCLUDE_IN_FRAMEWORK_HEADER = YES;
				CLANG_WARN_RANGE_LOOP_ANALYSIS = YES;
				CLANG_WARN_STRICT_PROTOTYPES = YES;
				CLANG_WARN_SUSPICIOUS_MOVE = YES;
				CLANG_WARN_UNGUARDED_AVAILABILITY = YES_AGGRESSIVE;
				CLANG_WARN_UNREACHABLE_CODE = YES;
				CLANG_WARN__DUPLICATE_METHOD_MATCH = YES;
				COPY_PHASE_STRIP = NO;
				DEBUG_INFORMATION_FORMAT = dwarf;
				ENABLE_STRICT_OBJC_MSGSEND = YES;
				ENABLE_TESTABILITY = YES;
				ENABLE_USER_SCRIPT_SANDBOXING = YES;
				GCC_C_LANGUAGE_STANDARD = gnu17;
				GCC_DYNAMIC_NO_PIC = NO;
				GCC_NO_COMMON_BLOCKS = YES;
				GCC_OPTIMIZATION_LEVEL = 0;
				GCC_PREPROCESSOR_DEFINITIONS = (
					"DEBUG=1",
					"$(inherited)",
				);
				GCC_WARN_64_TO_32_BIT_CONVERSION = YES;
				GCC_WARN_ABOUT_RETURN_TYPE = YES_ERROR;
				GCC_WARN_UNDECLARED_SELECTOR = YES;
				GCC_WARN_UNINITIALIZED_AUTOS = YES_AGGRESSIVE;
				GCC_WARN_UNUSED_FUNCTION = YES;
				GCC_WARN_UNUSED_VARIABLE = YES;
				IPHONEOS_DEPLOYMENT_TARGET = 17.2;
				LOCALIZATION_PREFERS_STRING_CATALOGS = YES;
				MTL_ENABLE_DEBUG_INFO = INCLUDE_SOURCE;
				MTL_FAST_MATH = YES;
				ONLY_ACTIVE_ARCH = YES;
				SDKROOT = iphoneos;
				SWIFT_ACTIVE_COMPILATION_CONDITIONS = "DEBUG $(inherited)";
				SWIFT_OPTIMIZATION_LEVEL = "-Onone";
			};
			name = Debug;
		};
		9AA904DD2B67D1E8009385A0 /* Release */ = {
			isa = XCBuildConfiguration;
			buildSettings = {
				ALWAYS_SEARCH_USER_PATHS = NO;
				ASSETCATALOG_COMPILER_GENERATE_SWIFT_ASSET_SYMBOL_EXTENSIONS = YES;
				CLANG_ANALYZER_NONNULL = YES;
				CLANG_ANALYZER_NUMBER_OBJECT_CONVERSION = YES_AGGRESSIVE;
				CLANG_CXX_LANGUAGE_STANDARD = "gnu++20";
				CLANG_ENABLE_MODULES = YES;
				CLANG_ENABLE_OBJC_ARC = YES;
				CLANG_ENABLE_OBJC_WEAK = YES;
				CLANG_WARN_BLOCK_CAPTURE_AUTORELEASING = YES;
				CLANG_WARN_BOOL_CONVERSION = YES;
				CLANG_WARN_COMMA = YES;
				CLANG_WARN_CONSTANT_CONVERSION = YES;
				CLANG_WARN_DEPRECATED_OBJC_IMPLEMENTATIONS = YES;
				CLANG_WARN_DIRECT_OBJC_ISA_USAGE = YES_ERROR;
				CLANG_WARN_DOCUMENTATION_COMMENTS = YES;
				CLANG_WARN_EMPTY_BODY = YES;
				CLANG_WARN_ENUM_CONVERSION = YES;
				CLANG_WARN_INFINITE_RECURSION = YES;
				CLANG_WARN_INT_CONVERSION = YES;
				CLANG_WARN_NON_LITERAL_NULL_CONVERSION = YES;
				CLANG_WARN_OBJC_IMPLICIT_RETAIN_SELF = YES;
				CLANG_WARN_OBJC_LITERAL_CONVERSION = YES;
				CLANG_WARN_OBJC_ROOT_CLASS = YES_ERROR;
				CLANG_WARN_QUOTED_INCLUDE_IN_FRAMEWORK_HEADER = YES;
				CLANG_WARN_RANGE_LOOP_ANALYSIS = YES;
				CLANG_WARN_STRICT_PROTOTYPES = YES;
				CLANG_WARN_SUSPICIOUS_MOVE = YES;
				CLANG_WARN_UNGUARDED_AVAILABILITY = YES_AGGRESSIVE;
				CLANG_WARN_UNREACHABLE_CODE = YES;
				CLANG_WARN__DUPLICATE_METHOD_MATCH = YES;
				COPY_PHASE_STRIP = NO;
				DEBUG_INFORMATION_FORMAT = "dwarf-with-dsym";
				ENABLE_NS_ASSERTIONS = NO;
				ENABLE_STRICT_OBJC_MSGSEND = YES;
				ENABLE_USER_SCRIPT_SANDBOXING = YES;
				GCC_C_LANGUAGE_STANDARD = gnu17;
				GCC_NO_COMMON_BLOCKS = YES;
				GCC_WARN_64_TO_32_BIT_CONVERSION = YES;
				GCC_WARN_ABOUT_RETURN_TYPE = YES_ERROR;
				GCC_WARN_UNDECLARED_SELECTOR = YES;
				GCC_WARN_UNINITIALIZED_AUTOS = YES_AGGRESSIVE;
				GCC_WARN_UNUSED_FUNCTION = YES;
				GCC_WARN_UNUSED_VARIABLE = YES;
				IPHONEOS_DEPLOYMENT_TARGET = 17.2;
				LOCALIZATION_PREFERS_STRING_CATALOGS = YES;
				MTL_ENABLE_DEBUG_INFO = NO;
				MTL_FAST_MATH = YES;
				SDKROOT = iphoneos;
				SWIFT_COMPILATION_MODE = wholemodule;
				VALIDATE_PRODUCT = YES;
			};
			name = Release;
		};
		9AA904DF2B67D1E8009385A0 /* Debug */ = {
			isa = XCBuildConfiguration;
			buildSettings = {
				ASSETCATALOG_COMPILER_APPICON_NAME = AppIcon;
				ASSETCATALOG_COMPILER_GLOBAL_ACCENT_COLOR_NAME = AccentColor;
				CODE_SIGN_ENTITLEMENTS = BBO/BBO.entitlements;
				CODE_SIGN_STYLE = Automatic;
				CURRENT_PROJECT_VERSION = 1;
				GENERATE_INFOPLIST_FILE = YES;
				INFOPLIST_FILE = BBO/Info.plist;
				INFOPLIST_KEY_UIApplicationSupportsIndirectInputEvents = YES;
				INFOPLIST_KEY_UILaunchStoryboardName = LaunchScreen;
				INFOPLIST_KEY_UIMainStoryboardFile = Main;
				INFOPLIST_KEY_UISupportedInterfaceOrientations_iPad = "UIInterfaceOrientationPortrait UIInterfaceOrientationPortraitUpsideDown UIInterfaceOrientationLandscapeLeft UIInterfaceOrientationLandscapeRight";
				INFOPLIST_KEY_UISupportedInterfaceOrientations_iPhone = "UIInterfaceOrientationPortrait UIInterfaceOrientationLandscapeLeft UIInterfaceOrientationLandscapeRight";
				LD_RUNPATH_SEARCH_PATHS = (
					"$(inherited)",
					"@executable_path/Frameworks",
				);
				MARKETING_VERSION = 1.0;
				PRODUCT_BUNDLE_IDENTIFIER = com.lou.BBO;
				PRODUCT_NAME = "$(TARGET_NAME)";
				SWIFT_EMIT_LOC_STRINGS = YES;
				SWIFT_VERSION = 5.0;
				TARGETED_DEVICE_FAMILY = "1,2";
			};
			name = Debug;
		};
		9AA904E02B67D1E8009385A0 /* Release */ = {
			isa = XCBuildConfiguration;
			buildSettings = {
				ASSETCATALOG_COMPILER_APPICON_NAME = AppIcon;
				ASSETCATALOG_COMPILER_GLOBAL_ACCENT_COLOR_NAME = AccentColor;
				CODE_SIGN_ENTITLEMENTS = BBO/BBO.entitlements;
				CODE_SIGN_STYLE = Automatic;
				CURRENT_PROJECT_VERSION = 1;
				GENERATE_INFOPLIST_FILE = YES;
				INFOPLIST_FILE = BBO/Info.plist;
				INFOPLIST_KEY_UIApplicationSupportsIndirectInputEvents = YES;
				INFOPLIST_KEY_UILaunchStoryboardName = LaunchScreen;
				INFOPLIST_KEY_UIMainStoryboardFile = Main;
				INFOPLIST_KEY_UISupportedInterfaceOrientations_iPad = "UIInterfaceOrientationPortrait UIInterfaceOrientationPortraitUpsideDown UIInterfaceOrientationLandscapeLeft UIInterfaceOrientationLandscapeRight";
				INFOPLIST_KEY_UISupportedInterfaceOrientations_iPhone = "UIInterfaceOrientationPortrait UIInterfaceOrientationLandscapeLeft UIInterfaceOrientationLandscapeRight";
				LD_RUNPATH_SEARCH_PATHS = (
					"$(inherited)",
					"@executable_path/Frameworks",
				);
				MARKETING_VERSION = 1.0;
				PRODUCT_BUNDLE_IDENTIFIER = com.lou.BBO;
				PRODUCT_NAME = "$(TARGET_NAME)";
				SWIFT_EMIT_LOC_STRINGS = YES;
				SWIFT_VERSION = 5.0;
				TARGETED_DEVICE_FAMILY = "1,2";
			};
			name = Release;
		};
/* End XCBuildConfiguration section */

/* Begin XCConfigurationList section */
		9AA904C52B67D1E6009385A0 /* Build configuration list for PBXProject "BBO" */ = {
			isa = XCConfigurationList;
			buildConfigurations = (
				9AA904DC2B67D1E8009385A0 /* Debug */,
				9AA904DD2B67D1E8009385A0 /* Release */,
			);
			defaultConfigurationIsVisible = 0;
			defaultConfigurationName = Release;
		};
		9AA904DE2B67D1E8009385A0 /* Build configuration list for PBXNativeTarget "BBO" */ = {
			isa = XCConfigurationList;
			buildConfigurations = (
				9AA904DF2B67D1E8009385A0 /* Debug */,
				9AA904E02B67D1E8009385A0 /* Release */,
			);
			defaultConfigurationIsVisible = 0;
			defaultConfigurationName = Release;
		};
/* End XCConfigurationList section */

/* Begin XCRemoteSwiftPackageReference section */
		9A17A0D52BB83BEA0032FF4F /* XCRemoteSwiftPackageReference "facebook-ios-sdk" */ = {
			isa = XCRemoteSwiftPackageReference;
			repositoryURL = "https://github.com/facebook/facebook-ios-sdk";
			requirement = {
				kind = upToNextMajorVersion;
				minimumVersion = 14.1.0;
			};
		};
/* End XCRemoteSwiftPackageReference section */

/* Begin XCSwiftPackageProductDependency section */
		9A17A0D62BB83BEB0032FF4F /* FacebookLogin */ = {
			isa = XCSwiftPackageProductDependency;
			package = 9A17A0D52BB83BEA0032FF4F /* XCRemoteSwiftPackageReference "facebook-ios-sdk" */;
			productName = FacebookLogin;
		};
/* End XCSwiftPackageProductDependency section */
	};
	rootObject = 9AA904C22B67D1E6009385A0 /* Project object */;
}
